<?xml version="1.0" encoding="utf-8"?>
<Project ToolsVersion="4.0" xmlns="http://schemas.microsoft.com/developer/msbuild/2003">
  <ItemGroup>
    <Filter Include="소스 파일">
      <UniqueIdentifier>{4FC737F1-C7A5-4376-A066-2A32D752A2FF}</UniqueIdentifier>
      <Extensions>cpp;c;cc;cxx;c++;cppm;ixx;def;odl;idl;hpj;bat;asm;asmx</Extensions>
    </Filter>
    <Filter Include="리소스 파일">
      <UniqueIdentifier>{67DA6AB6-F800-4c08-8B7A-83BB121AAD01}</UniqueIdentifier>
      <Extensions>rc;ico;cur;bmp;dlg;rc2;rct;bin;rgs;gif;jpg;jpeg;jpe;resx;tiff;tif;png;wav;mfcribbon-ms</Extensions>
    </Filter>
    <Filter Include="헤더 파일">
      <UniqueIdentifier>{93995380-89BD-4b04-88EB-625FBE52EBFB}</UniqueIdentifier>
      <Extensions>h;hh;hpp;hxx;h++;hm;inl;inc;ipp;xsd</Extensions>
    </Filter>
  </ItemGroup>
  <ItemGroup>
    <ClCompile Include="src\RSEngine.cpp">
      <Filter>소스 파일</Filter>
    </ClCompile>
    <ClCompile Include="src\Systems\Application\RSApplication.cpp">
      <Filter>소스 파일</Filter>
    </ClCompile>
    <ClCompile Include="src\Systems\Timer\RSTimer.cpp">
      <Filter>소스 파일</Filter>
    </ClCompile>
    <ClCompile Include="src\Systems\Input\RSInputClass.cpp">
      <Filter>소스 파일</Filter>
    </ClCompile>
    <ClCompile Include="src\Systems\Graphics\RSGraphics.cpp">
      <Filter>소스 파일</Filter>
    </ClCompile>
    <ClCompile Include="src\Resource\Pipeline\RSShader.cpp">
      <Filter>소스 파일</Filter>
    </ClCompile>
    <ClCompile Include="src\Resource\Manager\RSShaderManager.cpp">
      <Filter>소스 파일</Filter>
    </ClCompile>
    <ClCompile Include="src\Resource\Manager\RSTextureManager.cpp">
      <Filter>소스 파일</Filter>
    </ClCompile>
    <ClCompile Include="src\Resource\Manager\RSResourceManager.cpp">
      <Filter>소스 파일</Filter>
    </ClCompile>
    <ClCompile Include="src\Systems\Input\RSKeyBind.cpp">
      <Filter>소스 파일</Filter>
    </ClCompile>
    <ClCompile Include="src\Resource\RSImguiHandler.cpp">
      <Filter>소스 파일</Filter>
    </ClCompile>
    <ClCompile Include="src\Resource\Object\Camera\RSCamera.cpp">
      <Filter>소스 파일</Filter>
    </ClCompile>
    <ClCompile Include="src\Resource\Object\Camera\CameraV2.cpp">
      <Filter>소스 파일</Filter>
    </ClCompile>
    <ClCompile Include="src\Resource\Object\Component\RSObjectBase.h">
      <Filter>소스 파일</Filter>
    </ClCompile>
    <ClCompile Include="src\Util\RSLogger.cpp">
      <Filter>소스 파일</Filter>
    </ClCompile>
    <ClCompile Include="src\Util\RSSimplePainter.cpp">
      <Filter>소스 파일</Filter>
    </ClCompile>
    <ClCompile Include="src\Resource\Object\RSObject.cpp">
      <Filter>소스 파일</Filter>
    </ClCompile>
    <ClCompile Include="src\Resource\Object\Component\Mesh\RSMesh.cpp">
      <Filter>소스 파일</Filter>
    </ClCompile>
    <ClCompile Include="src\Resource\Object\Component\Model\RSModel.cpp">
      <Filter>소스 파일</Filter>
    </ClCompile>
    <ClCompile Include="src\Resource\Manager\RSMeshManager.cpp">
      <Filter>소스 파일</Filter>
    </ClCompile>
    <ClCompile Include="src\Resource\Manager\RSObjectManager.cpp">
      <Filter>소스 파일</Filter>
    </ClCompile>
    <ClCompile Include="src\Resource\IO\RSSTLIO.cpp">
      <Filter>소스 파일</Filter>
    </ClCompile>
    <ClCompile Include="src\Systems\EventHandler\RSEventHandler.cpp">
      <Filter>소스 파일</Filter>
    </ClCompile>
    <ClCompile Include="src\Resource\IO\RSOBJIO.cpp">
      <Filter>소스 파일</Filter>
    </ClCompile>
    <ClCompile Include="src\Resource\Manager\RSPipelineManager.cpp">
      <Filter>소스 파일</Filter>
    </ClCompile>
    <ClCompile Include="src\Resource\Object\Component\Texture\RSSkybox.cpp">
      <Filter>소스 파일</Filter>
    </ClCompile>
    <ClCompile Include="src\Resource\Object\Component\Texture\RSTexture.cpp">
      <Filter>소스 파일</Filter>
    </ClCompile>
    <ClCompile Include="src\Resource\Object\Component\Mesh\RSBoundingBox.cpp">
      <Filter>소스 파일</Filter>
    </ClCompile>
    <ClCompile Include="src\Resource\Manager\RSBufferManager.cpp">
      <Filter>소스 파일</Filter>
    </ClCompile>
    <ClCompile Include="src\Resource\Object\Component\DummyParticle\RSDummyParticle.cpp">
      <Filter>소스 파일</Filter>
    </ClCompile>
    <ClCompile Include="src\pch.cpp">
      <Filter>소스 파일</Filter>
    </ClCompile>
    <ClCompile Include="src\main.cpp">
      <Filter>소스 파일</Filter>
    </ClCompile>
    <ClCompile Include="src\Resource\Object\Component\Mesh\RSGeometryGenerator.cpp">
      <Filter>소스 파일</Filter>
    </ClCompile>
    <ClCompile Include="src\Resource\Object\Component\Rigidbody\RSRigidbody.cpp">
      <Filter>소스 파일</Filter>
    </ClCompile>
    <ClCompile Include="src\Systems\Physics\RSPhysics.cpp">
      <Filter>소스 파일</Filter>
    </ClCompile>
    <ClCompile Include="src\Util\RSUtilFunctions.h">
      <Filter>소스 파일</Filter>
    </ClCompile>
    <ClCompile Include="src\Resource\Manager\RSWidgetManager.cpp">
      <Filter>소스 파일</Filter>
    </ClCompile>
    <ClCompile Include="src\Resource\Widget\RSWidgetBase.cpp">
      <Filter>소스 파일</Filter>
    </ClCompile>
    <ClCompile Include="src\Resource\Widget\RSButtonWidget.cpp">
      <Filter>소스 파일</Filter>
    </ClCompile>
    <ClCompile Include="src\Resource\Widget\Gizmo\RSGizmo.cpp">
      <Filter>소스 파일</Filter>
    </ClCompile>
    <ClCompile Include="src\Resource\Widget\Gizmo\RSGizmoWidget.cpp">
      <Filter>소스 파일</Filter>
    </ClCompile>
    <ClCompile Include="src\Resource\Widget\RSTextWidget.cpp">
      <Filter>소스 파일</Filter>
    </ClCompile>
    <ClCompile Include="src\Resource\Manager\RSParticleManager.cpp">
      <Filter>소스 파일</Filter>
    </ClCompile>
    <ClCompile Include="src\Resource\Particle\RSParticleSimulator.cpp">
      <Filter>소스 파일</Filter>
    </ClCompile>
    <ClCompile Include="src\Resource\Particle\RSParticleSystem.cpp">
      <Filter>소스 파일</Filter>
    </ClCompile>
    <ClCompile Include="src\Resource\Widget\DirectionView\RSDirectionView.cpp">
      <Filter>소스 파일</Filter>
    </ClCompile>
    <ClCompile Include="src\Resource\Widget\RSMeshWidget.cpp">
      <Filter>소스 파일</Filter>
    </ClCompile>
    <ClCompile Include="src\Resource\Widget\Legend\RSLegendWidget.cpp">
      <Filter>소스 파일</Filter>
    </ClCompile>
    <ClCompile Include="src\Systems\Timer\RSDebugTimer.cpp">
      <Filter>소스 파일</Filter>
    </ClCompile>
    <ClCompile Include="src\Resource\Manager\RSFileIOManager.cpp">
      <Filter>소스 파일</Filter>
    </ClCompile>
    <ClCompile Include="src\Systems\State\RSState.cpp">
      <Filter>소스 파일</Filter>
    </ClCompile>
    <ClCompile Include="src\Resource\Object\Component\Mesh\RSGeometryGenerator.cpp">
      <Filter>소스 파일</Filter>
    </ClCompile>
    <ClCompile Include="src\Resource\Object\Component\RSTransform.cpp">
      <Filter>소스 파일</Filter>
    </ClCompile>
    <ClCompile Include="src\Resource\Particle\Solvers\RSSStaticBruteForce.cpp">
      <Filter>소스 파일</Filter>
    </ClCompile>
    <ClCompile Include="src\Resource\Particle\Solvers\RSSStaticGrid.cpp">
      <Filter>소스 파일</Filter>
    </ClCompile>
    <ClCompile Include="src\Resource\Particle\Solvers\RSSNone.cpp">
      <Filter>소스 파일</Filter>
    </ClCompile>
    <ClCompile Include="src\Resource\Particle\Solvers\RSSJustParticle.cpp">
      <Filter>소스 파일</Filter>
    </ClCompile>
    <ClCompile Include="src\Resource\Particle\Solvers\RSSDynamicBruteForce.cpp">
      <Filter>소스 파일</Filter>
    </ClCompile>
    <ClCompile Include="src\Resource\Particle\Solvers\RSSCommon.cpp">
      <Filter>소스 파일</Filter>
    </ClCompile>
    <ClCompile Include="src\Resource\Particle\Solvers\RSSDynamicCommon.cpp">
      <Filter>소스 파일</Filter>
    </ClCompile>
    <ClCompile Include="src\Resource\Particle\Solvers\RSSStaticCommon.cpp">
      <Filter>소스 파일</Filter>
    </ClCompile>
    <ClCompile Include="src\Resource\Particle\VTKViewer\RSVTKViewer.cpp">
      <Filter>소스 파일</Filter>
    </ClCompile>
    <ClCompile Include="src\Resource\Particle\PointClipper\RSPointClipper.cpp">
      <Filter>소스 파일</Filter>
    </ClCompile>
    <ClCompile Include="extern\tinyfiledialogs\tinyfiledialogs.c">
      <Filter>소스 파일</Filter>
    </ClCompile>
    <ClCompile Include="extern\imgui\imgui.cpp">
      <Filter>소스 파일</Filter>
    </ClCompile>
    <ClCompile Include="extern\imgui\imgui_tables.cpp">
      <Filter>소스 파일</Filter>
    </ClCompile>
    <ClCompile Include="extern\imgui\imgui_widgets.cpp">
      <Filter>소스 파일</Filter>
    </ClCompile>
    <ClCompile Include="extern\imgui\ImGuiFileDialog.cpp">
      <Filter>소스 파일</Filter>
    </ClCompile>
    <ClCompile Include="extern\imgui\imgui_impl_opengl3.cpp">
      <Filter>소스 파일</Filter>
    </ClCompile>
    <ClCompile Include="extern\imgui\imgui_impl_glfw.cpp">
      <Filter>소스 파일</Filter>
    </ClCompile>
    <ClCompile Include="extern\imgui\imgui_draw.cpp">
      <Filter>소스 파일</Filter>
    </ClCompile>
    <ClCompile Include="src\Resource\Pipeline\RSMergedShaders.cpp">
      <Filter>소스 파일</Filter>
    </ClCompile>
    <ClCompile Include="src\Resource\Widget\RSTextButtonWidget.cpp">
      <Filter>소스 파일</Filter>
    </ClCompile>
    <ClCompile Include="src\Resource\Manager\RSMaterialManager.cpp">
      <Filter>소스 파일</Filter>
    </ClCompile>
    <ClCompile Include="src\Resource\Pipeline\FBO\RSFBO.cpp">
      <Filter>소스 파일</Filter>
    </ClCompile>
    <ClCompile Include="src\Resource\Object\Component\Material\RSMaterial.cpp">
      <Filter>소스 파일</Filter>
    </ClCompile>
    <ClCompile Include="src\Resource\Pipeline\FBO\RSSsaoFbo.cpp">
      <Filter>소스 파일</Filter>
    </ClCompile>
    <ClCompile Include="src\Resource\Pipeline\FBO\RSSkyboxFbo.cpp">
      <Filter>소스 파일</Filter>
    </ClCompile>
    <ClCompile Include="src\Resource\Pipeline\FBO\RSHudFbo.cpp">
      <Filter>소스 파일</Filter>
    </ClCompile>
    <ClCompile Include="src\Resource\Pipeline\FBO\RSPickingFbo.cpp">
      <Filter>소스 파일</Filter>
    </ClCompile>
    <ClCompile Include="src\Resource\Pipeline\FBO\RSShadowMapFbo.cpp">
      <Filter>소스 파일</Filter>
    </ClCompile>
    <ClCompile Include="src\Resource\Pipeline\FBO\RSDeferredFbo.cpp">
      <Filter>소스 파일</Filter>
    </ClCompile>
    <ClCompile Include="src\Resource\Pipeline\FBO\RSFinalFbo.cpp">
      <Filter>소스 파일</Filter>
    </ClCompile>
    <ClCompile Include="src\Resource\Pipeline\FBO\RSSsaoBlurFbo.cpp">
      <Filter>소스 파일</Filter>
    </ClCompile>
    <ClCompile Include="src\Resource\Pipeline\FBO\RSSsrFbo.cpp">
      <Filter>소스 파일</Filter>
    </ClCompile>
    <ClCompile Include="src\Resource\Pipeline\FBO\RSSsrBlurFbo.cpp">
      <Filter>소스 파일</Filter>
    </ClCompile>
    <ClCompile Include="src\Resource\Pipeline\FBO\RSPostProcessFbo.cpp">
      <Filter>소스 파일</Filter>
    </ClCompile>
    <ClCompile Include="src\Resource\Vision\RSImageProcessor.cpp">
      <Filter>소스 파일</Filter>
    </ClCompile>
    <ClCompile Include="src\Resource\Vision\RSSurroundView.cpp">
      <Filter>소스 파일</Filter>
    </ClCompile>
    <ClCompile Include="src\Resource\Object\Camera\RSPhysicalCamera.cpp">
      <Filter>소스 파일</Filter>
    </ClCompile>
    <ClCompile Include="src\Resource\Manager\RSVisionManager.cpp">
      <Filter>소스 파일</Filter>
    </ClCompile>
  </ItemGroup>
  <ItemGroup>
    <ClInclude Include="src\RSEngine.h">
      <Filter>헤더 파일</Filter>
    </ClInclude>
    <ClInclude Include="src\Systems\RSSystemHeader.h">
      <Filter>헤더 파일</Filter>
    </ClInclude>
    <ClInclude Include="src\Systems\RSSystemComponent.h">
      <Filter>헤더 파일</Filter>
    </ClInclude>
    <ClInclude Include="src\Systems\Application\RSApplication.h">
      <Filter>헤더 파일</Filter>
    </ClInclude>
    <ClInclude Include="src\Systems\Timer\RSTimer.h">
      <Filter>헤더 파일</Filter>
    </ClInclude>
    <ClInclude Include="src\Systems\Input\RSInputClass.h">
      <Filter>헤더 파일</Filter>
    </ClInclude>
    <ClInclude Include="src\Systems\Graphics\RSGraphics.h">
      <Filter>헤더 파일</Filter>
    </ClInclude>
    <ClInclude Include="src\Resource\Pipeline\RSShader.h">
      <Filter>헤더 파일</Filter>
    </ClInclude>
    <ClInclude Include="src\Resource\Manager\RSShaderManager.h">
      <Filter>헤더 파일</Filter>
    </ClInclude>
    <ClInclude Include="src\Resource\Manager\RSTextureManager.h">
      <Filter>헤더 파일</Filter>
    </ClInclude>
    <ClInclude Include="src\Resource\Manager\RSResourceManager.h">
      <Filter>헤더 파일</Filter>
    </ClInclude>
    <ClInclude Include="src\Resource\RSGraphicsData.h">
      <Filter>헤더 파일</Filter>
    </ClInclude>
    <ClInclude Include="src\Define\RSGeometryData.h">
      <Filter>헤더 파일</Filter>
    </ClInclude>
    <ClInclude Include="src\Systems\Input\RSKeyBind.h">
      <Filter>헤더 파일</Filter>
    </ClInclude>
    <ClInclude Include="src\Resource\RSImguiHandler.h">
      <Filter>헤더 파일</Filter>
    </ClInclude>
    <ClInclude Include="extern\imgui\imgui_impl_glfw.h">
      <Filter>헤더 파일</Filter>
    </ClInclude>
    <ClInclude Include="extern\imgui\imgui_impl_opengl3.h">
      <Filter>헤더 파일</Filter>
    </ClInclude>
    <ClInclude Include="extern\imgui\imgui_impl_opengl3_loader.h">
      <Filter>헤더 파일</Filter>
    </ClInclude>
    <ClInclude Include="extern\imgui\imgui_internal.h">
      <Filter>헤더 파일</Filter>
    </ClInclude>
    <ClInclude Include="extern\imgui\imstb_rectpack.h">
      <Filter>헤더 파일</Filter>
    </ClInclude>
    <ClInclude Include="extern\imgui\imstb_textedit.h">
      <Filter>헤더 파일</Filter>
    </ClInclude>
    <ClInclude Include="extern\imgui\imstb_truetype.h">
      <Filter>헤더 파일</Filter>
    </ClInclude>
    <ClInclude Include="extern\GL\glew.h">
      <Filter>헤더 파일</Filter>
    </ClInclude>
    <ClInclude Include="src\Resource\Object\Camera\RSCameraBase.h">
      <Filter>헤더 파일</Filter>
    </ClInclude>
    <ClInclude Include="src\Resource\Object\Camera\RSCamera.h">
      <Filter>헤더 파일</Filter>
    </ClInclude>
    <ClInclude Include="src\Resource\Object\Camera\CameraV2.h">
      <Filter>헤더 파일</Filter>
    </ClInclude>
    <ClInclude Include="src\Util\RSLogger.h">
      <Filter>헤더 파일</Filter>
    </ClInclude>
    <ClInclude Include="src\Util\RSLogger_define.h">
      <Filter>헤더 파일</Filter>
    </ClInclude>
    <ClInclude Include="src\Util\RSSimplePainter.h">
      <Filter>헤더 파일</Filter>
    </ClInclude>
    <ClInclude Include="src\Resource\Object\Component\RSTransform.h">
      <Filter>헤더 파일</Filter>
    </ClInclude>
    <ClInclude Include="src\Resource\Object\Component\RSComponentType.h">
      <Filter>헤더 파일</Filter>
    </ClInclude>
    <ClInclude Include="src\Resource\Object\Component\RSComponentHeader.h">
      <Filter>헤더 파일</Filter>
    </ClInclude>
    <ClInclude Include="src\Resource\Object\Component\RSComponent.h">
      <Filter>헤더 파일</Filter>
    </ClInclude>
    <ClInclude Include="src\Resource\Object\RSObject.h">
      <Filter>헤더 파일</Filter>
    </ClInclude>
    <ClInclude Include="src\Resource\Object\Component\Mesh\RSMesh.h">
      <Filter>헤더 파일</Filter>
    </ClInclude>
    <ClInclude Include="src\Resource\Object\Component\Model\RSModel.h">
      <Filter>헤더 파일</Filter>
    </ClInclude>
    <ClInclude Include="src\Resource\Manager\RSMeshManager.h">
      <Filter>헤더 파일</Filter>
    </ClInclude>
    <ClInclude Include="src\Resource\Manager\RSObjectManager.h">
      <Filter>헤더 파일</Filter>
    </ClInclude>
    <ClInclude Include="src\Resource\IO\RSSTLIO.h">
      <Filter>헤더 파일</Filter>
    </ClInclude>
    <ClInclude Include="src\Systems\EventHandler\RSEventHandler.h">
      <Filter>헤더 파일</Filter>
    </ClInclude>
    <ClInclude Include="extern\imgui\ImGuiFileDialog.h">
      <Filter>헤더 파일</Filter>
    </ClInclude>
    <ClInclude Include="extern\imgui\ImGuiFileDialogConfig.h">
      <Filter>헤더 파일</Filter>
    </ClInclude>
    <ClInclude Include="src\Resource\IO\RSOBJIO.h">
      <Filter>헤더 파일</Filter>
    </ClInclude>
    <ClInclude Include="src\Define\RSPipelineList.h">
      <Filter>헤더 파일</Filter>
    </ClInclude>
    <ClInclude Include="src\Resource\Manager\RSPipelineManager.h">
      <Filter>헤더 파일</Filter>
    </ClInclude>
    <ClInclude Include="src\Resource\Object\Component\Texture\RSSkybox.h">
      <Filter>헤더 파일</Filter>
    </ClInclude>
    <ClInclude Include="src\Resource\Object\Component\Texture\RSTexture.h">
      <Filter>헤더 파일</Filter>
    </ClInclude>
    <ClInclude Include="src\Resource\Object\Component\Mesh\RSBoundingBox.h">
      <Filter>헤더 파일</Filter>
    </ClInclude>
    <ClInclude Include="src\Resource\Manager\RSBufferManager.h">
      <Filter>헤더 파일</Filter>
    </ClInclude>
    <ClInclude Include="src\Resource\Object\Component\DummyParticle\RSDummyParticle.h">
      <Filter>헤더 파일</Filter>
    </ClInclude>
    <ClInclude Include="src\Define\DLL_header.h">
      <Filter>헤더 파일</Filter>
    </ClInclude>
    <ClInclude Include="src\pch.h">
      <Filter>헤더 파일</Filter>
    </ClInclude>
    <ClInclude Include="src\Systems\EventHandler\RSEventItem.h">
      <Filter>헤더 파일</Filter>
    </ClInclude>
    <ClInclude Include="src\Resource\Object\Component\Mesh\RSGeometryGenerator.h">
      <Filter>헤더 파일</Filter>
    </ClInclude>
    <ClInclude Include="src\Resource\Object\Component\Rigidbody\RSRigidbody.h">
      <Filter>헤더 파일</Filter>
    </ClInclude>
    <ClInclude Include="src\Systems\Physics\RSPhysics.h">
      <Filter>헤더 파일</Filter>
    </ClInclude>
    <ClInclude Include="src\Resource\Manager\RSWidgetManager.h">
      <Filter>헤더 파일</Filter>
    </ClInclude>
    <ClInclude Include="src\Resource\Widget\RSWidgetBase.h">
      <Filter>헤더 파일</Filter>
    </ClInclude>
    <ClInclude Include="src\Resource\Widget\RSButtonWidget.h">
      <Filter>헤더 파일</Filter>
    </ClInclude>
    <ClInclude Include="src\Resource\Widget\Gizmo\RSGizmo.h">
      <Filter>헤더 파일</Filter>
    </ClInclude>
    <ClInclude Include="src\Resource\Widget\Gizmo\RSGizmoWidget.h">
      <Filter>헤더 파일</Filter>
    </ClInclude>
    <ClInclude Include="src\Resource\Widget\RSTextWidget.h">
      <Filter>헤더 파일</Filter>
    </ClInclude>
    <ClInclude Include="src\Resource\Manager\RSParticleManager.h">
      <Filter>헤더 파일</Filter>
    </ClInclude>
    <ClInclude Include="src\Resource\Particle\RSParticleSimulator.h">
      <Filter>헤더 파일</Filter>
    </ClInclude>
    <ClInclude Include="src\Resource\Particle\RSParticleSystem.h">
      <Filter>헤더 파일</Filter>
    </ClInclude>
    <ClInclude Include="src\Resource\Widget\DirectionView\RSDirectionView.h">
      <Filter>헤더 파일</Filter>
    </ClInclude>
    <ClInclude Include="src\Resource\Widget\RSMeshWidget.h">
      <Filter>헤더 파일</Filter>
    </ClInclude>
    <ClInclude Include="src\Resource\Widget\Legend\RSLegendWidget.h">
      <Filter>헤더 파일</Filter>
    </ClInclude>
    <ClInclude Include="src\Systems\Timer\RSDebugTimer.h">
      <Filter>헤더 파일</Filter>
    </ClInclude>
    <ClInclude Include="src\Resource\Manager\RSFileIOManager.h">
      <Filter>헤더 파일</Filter>
    </ClInclude>
    <ClInclude Include="extern\tinyfiledialogs\tinyfiledialogs.h">
      <Filter>헤더 파일</Filter>
    </ClInclude>
    <ClInclude Include="src\Systems\State\RSState.h">
      <Filter>헤더 파일</Filter>
    </ClInclude>
    <ClInclude Include="src\Resource\Object\Component\Mesh\RSGeometryGenerator.h">
      <Filter>헤더 파일</Filter>
    </ClInclude>
    <ClInclude Include="src\Define\RSDefine.h">
      <Filter>헤더 파일</Filter>
    </ClInclude>
    <ClInclude Include="src\Resource\Particle\VTKViewer\RSVTKViewer.h">
      <Filter>헤더 파일</Filter>
    </ClInclude>
    <ClInclude Include="src\Resource\Particle\PointClipper\RSPointClipper.h">
      <Filter>헤더 파일</Filter>
    </ClInclude>
    <ClInclude Include="extern\imgui\imgui.h">
      <Filter>헤더 파일</Filter>
    </ClInclude>
    <ClInclude Include="extern\imgui\imconfig.h">
      <Filter>헤더 파일</Filter>
    </ClInclude>
    <ClInclude Include="src\Resource\Pipeline\RSMergedShaders.h">
      <Filter>헤더 파일</Filter>
    </ClInclude>
    <ClInclude Include="src\Define\RSGizmoMeshData.h">
      <Filter>헤더 파일</Filter>
    </ClInclude>
    <ClInclude Include="src\Define\RSWidgetData.h">
      <Filter>헤더 파일</Filter>
    </ClInclude>
    <ClInclude Include="src\Resource\Widget\RSTextButtonWidget.h">
      <Filter>헤더 파일</Filter>
    </ClInclude>
    <ClInclude Include="src\Resource\Manager\RSMaterialManager.h">
      <Filter>헤더 파일</Filter>
    </ClInclude>
    <ClInclude Include="src\Resource\Object\Component\Material\RSMaterial.h">
      <Filter>헤더 파일</Filter>
    </ClInclude>
    <ClInclude Include="src\Resource\Pipeline\FBO\RSFBO.h">
      <Filter>헤더 파일</Filter>
    </ClInclude>
    <ClInclude Include="src\Resource\Pipeline\FBO\RSSsaoFbo.h">
      <Filter>헤더 파일</Filter>
    </ClInclude>
    <ClInclude Include="src\Resource\Pipeline\FBO\RSSkyboxFbo.h">
      <Filter>헤더 파일</Filter>
    </ClInclude>
    <ClInclude Include="src\Resource\Pipeline\FBO\RSHudFbo.h">
      <Filter>헤더 파일</Filter>
    </ClInclude>
    <ClInclude Include="src\Resource\Pipeline\FBO\RSPickingFbo.h">
      <Filter>헤더 파일</Filter>
    </ClInclude>
    <ClInclude Include="src\Resource\Pipeline\FBO\RSShadowMapFbo.h">
      <Filter>헤더 파일</Filter>
    </ClInclude>
    <ClInclude Include="src\Resource\Pipeline\FBO\RSDeferredFbo.h">
      <Filter>헤더 파일</Filter>
    </ClInclude>
    <ClInclude Include="src\Resource\Pipeline\FBO\RSFinalFbo.h">
      <Filter>헤더 파일</Filter>
    </ClInclude>
    <ClInclude Include="src\Resource\Pipeline\FBO\RSFBOHeader.h">
      <Filter>헤더 파일</Filter>
    </ClInclude>
    <ClInclude Include="src\Resource\Pipeline\FBO\RSSsaoBlurFbo.h">
      <Filter>헤더 파일</Filter>
    </ClInclude>
    <ClInclude Include="src\Resource\Pipeline\FBO\RSSsrFbo.h">
      <Filter>헤더 파일</Filter>
    </ClInclude>
    <ClInclude Include="src\Resource\Pipeline\FBO\RSSsrBlurFbo.h">
      <Filter>헤더 파일</Filter>
    </ClInclude>
    <ClInclude Include="src\Resource\Pipeline\FBO\RSPostProcessFbo.h">
      <Filter>헤더 파일</Filter>
    </ClInclude>
    <ClInclude Include="src\Resource\Vision\RSImageProcessor.h">
      <Filter>헤더 파일</Filter>
    </ClInclude>
    <ClInclude Include="src\Resource\Vision\RSSurroundView.h">
      <Filter>헤더 파일</Filter>
    </ClInclude>
    <ClInclude Include="src\Resource\Vision\RSVisionHeader.h">
      <Filter>헤더 파일</Filter>
    </ClInclude>
    <ClInclude Include="src\Resource\Object\Camera\RSPhysicalCamera.h">
      <Filter>헤더 파일</Filter>
    </ClInclude>
    <ClInclude Include="src\Resource\Manager\RSVisionManager.h">
      <Filter>헤더 파일</Filter>
    </ClInclude>
  </ItemGroup>
  <ItemGroup>
    <Image Include="resources\InitLoadFiles\Textures\ddungi.png">
      <Filter>리소스 파일</Filter>
    </Image>
    <Image Include="resources\InitLoadFiles\Textures\ddungi_icon.png">
      <Filter>리소스 파일</Filter>
    </Image>
    <Image Include="resources\InitLoadFiles\Textures\default.png">
      <Filter>리소스 파일</Filter>
    </Image>
    <Image Include="resources\InitLoadFiles\Textures\default_particle.png">
      <Filter>리소스 파일</Filter>
    </Image>
    <Image Include="resources\InitLoadFiles\Textures\heart.png">
      <Filter>리소스 파일</Filter>
    </Image>
    <Image Include="resources\InitLoadFiles\Textures\hourglass.png">
      <Filter>리소스 파일</Filter>
    </Image>
    <Image Include="resources\InitLoadFiles\Skybox\top.png">
      <Filter>리소스 파일</Filter>
    </Image>
    <Image Include="resources\InitLoadFiles\Skybox\mintverse_back.png">
      <Filter>리소스 파일</Filter>
    </Image>
    <Image Include="resources\InitLoadFiles\Skybox\mintverse_down.png">
      <Filter>리소스 파일</Filter>
    </Image>
    <Image Include="resources\InitLoadFiles\Skybox\mintverse_front.png">
      <Filter>리소스 파일</Filter>
    </Image>
    <Image Include="resources\InitLoadFiles\Skybox\mintverse_left.png">
      <Filter>리소스 파일</Filter>
    </Image>
    <Image Include="resources\InitLoadFiles\Skybox\mintverse_right.png">
      <Filter>리소스 파일</Filter>
    </Image>
    <Image Include="resources\InitLoadFiles\Skybox\mintverse_up.png">
      <Filter>리소스 파일</Filter>
    </Image>
  </ItemGroup>
  <ItemGroup>
    <None Include="resources\GLSL\Skybox.vert" />
    <None Include="resources\InitLoadFiles\GIZMO\at_x.stl" />
    <None Include="resources\InitLoadFiles\GIZMO\at_y.stl" />
    <None Include="resources\InitLoadFiles\GIZMO\at_z.stl" />
    <None Include="resources\InitLoadFiles\GIZMO\r_x.stl" />
    <None Include="resources\InitLoadFiles\GIZMO\r_y.stl" />
    <None Include="resources\InitLoadFiles\GIZMO\r_z.stl" />
    <None Include="resources\InitLoadFiles\GIZMO\s_c.stl" />
    <None Include="resources\InitLoadFiles\GIZMO\s_x.stl" />
    <None Include="resources\InitLoadFiles\GIZMO\s_y.stl" />
    <None Include="resources\InitLoadFiles\GIZMO\s_z.stl" />
    <None Include="resources\InitLoadFiles\GIZMO\t_c.stl" />
    <None Include="resources\InitLoadFiles\GIZMO\t_x.stl" />
    <None Include="resources\InitLoadFiles\GIZMO\t_y.stl" />
    <None Include="resources\InitLoadFiles\GIZMO\t_z.stl" />
    <None Include="resources\GLSL\ComputeCMUDensity.comp" />
    <None Include="resources\GLSL\ComputeCMUForce.comp" />
    <None Include="resources\GLSL\ComputeCMUPost.comp" />
    <None Include="resources\GLSL\ComputeGridAcc.comp" />
    <None Include="resources\GLSL\ComputeGridBatch.comp" />
    <None Include="resources\GLSL\ComputeGridDensity.comp" />
    <None Include="resources\GLSL\ComputeGridInit.comp" />
    <None Include="resources\GLSL\ComputeGridPost.comp" />
    <None Include="resources\GLSL\ComputeGridSPH.comp" />
    <None Include="resources\GLSL\ComputeParticles.comp" />
    <None Include="resources\GLSL\ComputeParticlesSPH.comp" />
    <None Include="resources\GLSL\ComputeParticleTriBuffer.comp" />
    <None Include="resources\GLSL\ComputeSPH_pressure.comp" />
    <None Include="resources\GLSL\ComputeTrace.comp" />
    <None Include="resources\GLSL\DynamicComputeDensity.comp" />
    <None Include="resources\GLSL\DynamicComputeForce.comp" />
    <None Include="resources\GLSL\DynamicComputePost.comp" />
    <None Include="resources\GLSL\DynamicInOutFlowBatch.comp" />
    <None Include="resources\GLSL\DynamicInOutFlowCreator.comp" />
    <None Include="resources\GLSL\default.frag" />
    <None Include="resources\GLSL\DefaultMVP.frag" />
    <None Include="resources\GLSL\DefaultMVPL.frag" />
    <None Include="resources\GLSL\DefaultMVPLT.frag" />
    <None Include="resources\GLSL\DefaultMVPLT_Opaque.frag" />
    <None Include="resources\GLSL\DefaultParticle.frag" />
    <None Include="resources\GLSL\Depth.frag" />
    <None Include="resources\GLSL\HUDPicking.frag" />
    <None Include="resources\GLSL\HudText.frag" />
    <None Include="resources\GLSL\HudTexture.frag" />
    <None Include="resources\GLSL\ParticleDefaultShader.frag" />
    <None Include="resources\GLSL\ParticleDefaultShader_backup.frag" />
    <None Include="resources\GLSL\PointCloudShader.frag" />
    <None Include="resources\GLSL\Quad_Debug.frag" />
    <None Include="resources\GLSL\QuadTexture.frag" />
    <None Include="resources\GLSL\QuadTextureR32.frag" />
    <None Include="resources\GLSL\ShadowMapping.frag" />
    <None Include="resources\GLSL\Skybox.frag" />
    <None Include="resources\GLSL\SolidColor.frag" />
    <None Include="resources\GLSL\default.vert" />
    <None Include="resources\GLSL\DefaultMVP.vert" />
    <None Include="resources\GLSL\DefaultMVPL.vert" />
    <None Include="resources\GLSL\DefaultMVPLT.vert" />
    <None Include="resources\GLSL\DefaultMVPLT_Opaque.vert" />
    <None Include="resources\GLSL\DefaultParticle.vert" />
    <None Include="resources\GLSL\Depth.vert" />
    <None Include="resources\GLSL\HUDPicking.vert" />
    <None Include="resources\GLSL\HudText.vert" />
    <None Include="resources\GLSL\HudTexture.vert" />
    <None Include="resources\GLSL\ParticleDefaultShader.vert" />
    <None Include="resources\GLSL\PointCloudShader.vert" />
    <None Include="resources\GLSL\Quad_Debug.vert" />
    <None Include="resources\GLSL\QuadTexture.vert" />
    <None Include="resources\GLSL\QuadTextureR32.vert" />
    <None Include="resources\GLSL\ShadowMapping.vert" />
    <None Include="resources\GLSL\SolidColor.vert" />
    <None Include="resources\GLSL\PointSingleFloatVtk.frag" />
    <None Include="resources\GLSL\PointSingleFloatVtk.vert" />
    <None Include="resources\GLSL\PointMultiFloatVtk.vert" />
    <None Include="resources\GLSL\PointMultiFloatVtk.frag" />
    <None Include="resources\GLSL\PointSingleUintVtk.vert" />
    <None Include="resources\GLSL\PointSingleUintVtk.frag" />
  </ItemGroup>
</Project>